
Microsoft Visual Studio Solution File, Format Version 12.00
# Visual Studio Version 16
VisualStudioVersion = 16.0.30225.117
MinimumVisualStudioVersion = 10.0.40219.1
Project("{FAE04EC0-301F-11D3-BF4B-00C04F79EFBC}") = "FirstWebApp", "FirstWebApp\FirstWebApp.csproj", "{0253B755-7DBF-40BA-B6AA-5E0C0CEF479C}"
EndProject
Global
	GlobalSection(SolutionConfigurationPlatforms) = preSolution
		Debug|Any CPU = Debug|Any CPU
		Release|Any CPU = Release|Any CPU
	EndGlobalSection
	GlobalSection(ProjectConfigurationPlatforms) = postSolution
		{0253B755-7DBF-40BA-B6AA-5E0C0CEF479C}.Debug|Any CPU.ActiveCfg = Debug|Any CPU
		{0253B755-7DBF-40BA-B6AA-5E0C0CEF479C}.Debug|Any CPU.Build.0 = Debug|Any CPU
		{0253B755-7DBF-40BA-B6AA-5E0C0CEF479C}.Release|Any CPU.ActiveCfg = Release|Any CPU
		{0253B755-7DBF-40BA-B6AA-5E0C0CEF479C}.Release|Any CPU.Build.0 = Release|Any CPU
	EndGlobalSection
	GlobalSection(SolutionProperties) = preSolution
		HideSolutionNode = FALSE
	EndGlobalSection
	GlobalSection(ExtensibilityGlobals) = postSolution
		SolutionGuid = {5FF3D2B9-71A9-46E8-9051-845FBFEC459B}
	EndGlobalSection
EndGlobal
